{
  "name": "server",
  "lockfileVersion": 3,
  "requires": true,
  "packages": {
    "": {
      "name": "server",
      "dependencies": {
        "@hono/prometheus": "^1.0.1",
        "@prisma/client": "^6.5.0",
        "@types/morgan": "^1.9.9",
        "@types/winston": "^2.4.4",
        "hono": "^4.7.5",
        "http-status-code": "^2.1.0",
        "morgan": "^1.10.0",
        "prom-client": "^15.1.3",
        "winston": "^3.17.0"
      },
      "devDependencies": {
        "@types/bun": "latest",
        "prisma": "^6.5.0"
      }
    },
    "node_modules/@colors/colors": {
      "version": "1.6.0",
      "license": "MIT",
      "engines": {
        "node": ">=0.1.90"
      }
    },
    "node_modules/@dabh/diagnostics": {
      "version": "2.0.3",
      "license": "MIT",
      "dependencies": {
        "colorspace": "1.1.x",
        "enabled": "2.0.x",
        "kuler": "^2.0.0"
      }
    },
    "node_modules/@esbuild/aix-ppc64": {
      "version": "0.25.2",
      "resolved": "https://registry.npmjs.org/@esbuild/aix-ppc64/-/aix-ppc64-0.25.2.tgz",
      "integrity": "sha512-wCIboOL2yXZym2cgm6mlA742s9QeJ8DjGVaL39dLN4rRwrOgOyYSnOaFPhKZGLb2ngj4EyfAFjsNJwPXZvseag==",
      "cpu": [
        "ppc64"
      ],
      "dev": true,
      "license": "MIT",
      "optional": true,
      "os": [
        "aix"
      ],
      "engines": {
        "node": ">=18"
      }
    },
    "node_modules/@esbuild/android-arm": {
      "version": "0.25.2",
      "resolved": "https://registry.npmjs.org/@esbuild/android-arm/-/android-arm-0.25.2.tgz",
      "integrity": "sha512-NQhH7jFstVY5x8CKbcfa166GoV0EFkaPkCKBQkdPJFvo5u+nGXLEH/ooniLb3QI8Fk58YAx7nsPLozUWfCBOJA==",
      "cpu": [
        "arm"
      ],
      "dev": true,
      "license": "MIT",
      "optional": true,
      "os": [
        "android"
      ],
      "engines": {
        "node": ">=18"
      }
    },
    "node_modules/@esbuild/android-arm64": {
      "version": "0.25.2",
      "resolved": "https://registry.npmjs.org/@esbuild/android-arm64/-/android-arm64-0.25.2.tgz",
      "integrity": "sha512-5ZAX5xOmTligeBaeNEPnPaeEuah53Id2tX4c2CVP3JaROTH+j4fnfHCkr1PjXMd78hMst+TlkfKcW/DlTq0i4w==",
      "cpu": [
        "arm64"
      ],
      "dev": true,
      "license": "MIT",
      "optional": true,
      "os": [
        "android"
      ],
      "engines": {
        "node": ">=18"
      }
    },
    "node_modules/@esbuild/android-x64": {
      "version": "0.25.2",
      "resolved": "https://registry.npmjs.org/@esbuild/android-x64/-/android-x64-0.25.2.tgz",
      "integrity": "sha512-Ffcx+nnma8Sge4jzddPHCZVRvIfQ0kMsUsCMcJRHkGJ1cDmhe4SsrYIjLUKn1xpHZybmOqCWwB0zQvsjdEHtkg==",
      "cpu": [
        "x64"
      ],
      "dev": true,
      "license": "MIT",
      "optional": true,
      "os": [
        "android"
      ],
      "engines": {
        "node": ">=18"
      }
    },
    "node_modules/@esbuild/darwin-arm64": {
      "version": "0.25.2",
      "resolved": "https://registry.npmjs.org/@esbuild/darwin-arm64/-/darwin-arm64-0.25.2.tgz",
      "integrity": "sha512-MpM6LUVTXAzOvN4KbjzU/q5smzryuoNjlriAIx+06RpecwCkL9JpenNzpKd2YMzLJFOdPqBpuub6eVRP5IgiSA==",
      "cpu": [
        "arm64"
      ],
      "dev": true,
      "license": "MIT",
      "optional": true,
      "os": [
        "darwin"
      ],
      "engines": {
        "node": ">=18"
      }
    },
    "node_modules/@esbuild/darwin-x64": {
      "version": "0.25.2",
      "resolved": "https://registry.npmjs.org/@esbuild/darwin-x64/-/darwin-x64-0.25.2.tgz",
      "integrity": "sha512-5eRPrTX7wFyuWe8FqEFPG2cU0+butQQVNcT4sVipqjLYQjjh8a8+vUTfgBKM88ObB85ahsnTwF7PSIt6PG+QkA==",
      "cpu": [
        "x64"
      ],
      "dev": true,
      "license": "MIT",
      "optional": true,
      "os": [
        "darwin"
      ],
      "engines": {
        "node": ">=18"
      }
    },
    "node_modules/@esbuild/freebsd-arm64": {
      "version": "0.25.2",
      "resolved": "https://registry.npmjs.org/@esbuild/freebsd-arm64/-/freebsd-arm64-0.25.2.tgz",
      "integrity": "sha512-mLwm4vXKiQ2UTSX4+ImyiPdiHjiZhIaE9QvC7sw0tZ6HoNMjYAqQpGyui5VRIi5sGd+uWq940gdCbY3VLvsO1w==",
      "cpu": [
        "arm64"
      ],
      "dev": true,
      "license": "MIT",
      "optional": true,
      "os": [
        "freebsd"
      ],
      "engines": {
        "node": ">=18"
      }
    },
    "node_modules/@esbuild/freebsd-x64": {
      "version": "0.25.2",
      "resolved": "https://registry.npmjs.org/@esbuild/freebsd-x64/-/freebsd-x64-0.25.2.tgz",
      "integrity": "sha512-6qyyn6TjayJSwGpm8J9QYYGQcRgc90nmfdUb0O7pp1s4lTY+9D0H9O02v5JqGApUyiHOtkz6+1hZNvNtEhbwRQ==",
      "cpu": [
        "x64"
      ],
      "dev": true,
      "license": "MIT",
      "optional": true,
      "os": [
        "freebsd"
      ],
      "engines": {
        "node": ">=18"
      }
    },
    "node_modules/@esbuild/linux-arm": {
      "version": "0.25.2",
      "resolved": "https://registry.npmjs.org/@esbuild/linux-arm/-/linux-arm-0.25.2.tgz",
      "integrity": "sha512-UHBRgJcmjJv5oeQF8EpTRZs/1knq6loLxTsjc3nxO9eXAPDLcWW55flrMVc97qFPbmZP31ta1AZVUKQzKTzb0g==",
      "cpu": [
        "arm"
      ],
      "dev": true,
      "license": "MIT",
      "optional": true,
      "os": [
        "linux"
      ],
      "engines": {
        "node": ">=18"
      }
    },
    "node_modules/@esbuild/linux-arm64": {
      "version": "0.25.2",
      "resolved": "https://registry.npmjs.org/@esbuild/linux-arm64/-/linux-arm64-0.25.2.tgz",
      "integrity": "sha512-gq/sjLsOyMT19I8obBISvhoYiZIAaGF8JpeXu1u8yPv8BE5HlWYobmlsfijFIZ9hIVGYkbdFhEqC0NvM4kNO0g==",
      "cpu": [
        "arm64"
      ],
      "dev": true,
      "license": "MIT",
      "optional": true,
      "os": [
        "linux"
      ],
      "engines": {
        "node": ">=18"
      }
    },
    "node_modules/@esbuild/linux-ia32": {
      "version": "0.25.2",
      "resolved": "https://registry.npmjs.org/@esbuild/linux-ia32/-/linux-ia32-0.25.2.tgz",
      "integrity": "sha512-bBYCv9obgW2cBP+2ZWfjYTU+f5cxRoGGQ5SeDbYdFCAZpYWrfjjfYwvUpP8MlKbP0nwZ5gyOU/0aUzZ5HWPuvQ==",
      "cpu": [
        "ia32"
      ],
      "dev": true,
      "license": "MIT",
      "optional": true,
      "os": [
        "linux"
      ],
      "engines": {
        "node": ">=18"
      }
    },
    "node_modules/@esbuild/linux-loong64": {
      "version": "0.25.2",
      "resolved": "https://registry.npmjs.org/@esbuild/linux-loong64/-/linux-loong64-0.25.2.tgz",
      "integrity": "sha512-SHNGiKtvnU2dBlM5D8CXRFdd+6etgZ9dXfaPCeJtz+37PIUlixvlIhI23L5khKXs3DIzAn9V8v+qb1TRKrgT5w==",
      "cpu": [
        "loong64"
      ],
      "dev": true,
      "license": "MIT",
      "optional": true,
      "os": [
        "linux"
      ],
      "engines": {
        "node": ">=18"
      }
    },
    "node_modules/@esbuild/linux-mips64el": {
      "version": "0.25.2",
      "resolved": "https://registry.npmjs.org/@esbuild/linux-mips64el/-/linux-mips64el-0.25.2.tgz",
      "integrity": "sha512-hDDRlzE6rPeoj+5fsADqdUZl1OzqDYow4TB4Y/3PlKBD0ph1e6uPHzIQcv2Z65u2K0kpeByIyAjCmjn1hJgG0Q==",
      "cpu": [
        "mips64el"
      ],
      "dev": true,
      "license": "MIT",
      "optional": true,
      "os": [
        "linux"
      ],
      "engines": {
        "node": ">=18"
      }
    },
    "node_modules/@esbuild/linux-ppc64": {
      "version": "0.25.2",
      "resolved": "https://registry.npmjs.org/@esbuild/linux-ppc64/-/linux-ppc64-0.25.2.tgz",
      "integrity": "sha512-tsHu2RRSWzipmUi9UBDEzc0nLc4HtpZEI5Ba+Omms5456x5WaNuiG3u7xh5AO6sipnJ9r4cRWQB2tUjPyIkc6g==",
      "cpu": [
        "ppc64"
      ],
      "dev": true,
      "license": "MIT",
      "optional": true,
      "os": [
        "linux"
      ],
      "engines": {
        "node": ">=18"
      }
    },
    "node_modules/@esbuild/linux-riscv64": {
      "version": "0.25.2",
      "resolved": "https://registry.npmjs.org/@esbuild/linux-riscv64/-/linux-riscv64-0.25.2.tgz",
      "integrity": "sha512-k4LtpgV7NJQOml/10uPU0s4SAXGnowi5qBSjaLWMojNCUICNu7TshqHLAEbkBdAszL5TabfvQ48kK84hyFzjnw==",
      "cpu": [
        "riscv64"
      ],
      "dev": true,
      "license": "MIT",
      "optional": true,
      "os": [
        "linux"
      ],
      "engines": {
        "node": ">=18"
      }
    },
    "node_modules/@esbuild/linux-s390x": {
      "version": "0.25.2",
      "resolved": "https://registry.npmjs.org/@esbuild/linux-s390x/-/linux-s390x-0.25.2.tgz",
      "integrity": "sha512-GRa4IshOdvKY7M/rDpRR3gkiTNp34M0eLTaC1a08gNrh4u488aPhuZOCpkF6+2wl3zAN7L7XIpOFBhnaE3/Q8Q==",
      "cpu": [
        "s390x"
      ],
      "dev": true,
      "license": "MIT",
      "optional": true,
      "os": [
        "linux"
      ],
      "engines": {
        "node": ">=18"
      }
    },
    "node_modules/@esbuild/linux-x64": {
      "version": "0.25.2",
      "resolved": "https://registry.npmjs.org/@esbuild/linux-x64/-/linux-x64-0.25.2.tgz",
      "integrity": "sha512-QInHERlqpTTZ4FRB0fROQWXcYRD64lAoiegezDunLpalZMjcUcld3YzZmVJ2H/Cp0wJRZ8Xtjtj0cEHhYc/uUg==",
      "cpu": [
        "x64"
      ],
      "dev": true,
      "license": "MIT",
      "optional": true,
      "os": [
        "linux"
      ],
      "engines": {
        "node": ">=18"
      }
    },
    "node_modules/@esbuild/netbsd-arm64": {
      "version": "0.25.2",
      "resolved": "https://registry.npmjs.org/@esbuild/netbsd-arm64/-/netbsd-arm64-0.25.2.tgz",
      "integrity": "sha512-talAIBoY5M8vHc6EeI2WW9d/CkiO9MQJ0IOWX8hrLhxGbro/vBXJvaQXefW2cP0z0nQVTdQ/eNyGFV1GSKrxfw==",
      "cpu": [
        "arm64"
      ],
      "dev": true,
      "license": "MIT",
      "optional": true,
      "os": [
        "netbsd"
      ],
      "engines": {
        "node": ">=18"
      }
    },
    "node_modules/@esbuild/netbsd-x64": {
      "version": "0.25.2",
      "resolved": "https://registry.npmjs.org/@esbuild/netbsd-x64/-/netbsd-x64-0.25.2.tgz",
      "integrity": "sha512-voZT9Z+tpOxrvfKFyfDYPc4DO4rk06qamv1a/fkuzHpiVBMOhpjK+vBmWM8J1eiB3OLSMFYNaOaBNLXGChf5tg==",
      "cpu": [
        "x64"
      ],
      "dev": true,
      "license": "MIT",
      "optional": true,
      "os": [
        "netbsd"
      ],
      "engines": {
        "node": ">=18"
      }
    },
    "node_modules/@esbuild/openbsd-arm64": {
      "version": "0.25.2",
      "resolved": "https://registry.npmjs.org/@esbuild/openbsd-arm64/-/openbsd-arm64-0.25.2.tgz",
      "integrity": "sha512-dcXYOC6NXOqcykeDlwId9kB6OkPUxOEqU+rkrYVqJbK2hagWOMrsTGsMr8+rW02M+d5Op5NNlgMmjzecaRf7Tg==",
      "cpu": [
        "arm64"
      ],
      "dev": true,
      "license": "MIT",
      "optional": true,
      "os": [
        "openbsd"
      ],
      "engines": {
        "node": ">=18"
      }
    },
    "node_modules/@esbuild/openbsd-x64": {
      "version": "0.25.2",
      "resolved": "https://registry.npmjs.org/@esbuild/openbsd-x64/-/openbsd-x64-0.25.2.tgz",
      "integrity": "sha512-t/TkWwahkH0Tsgoq1Ju7QfgGhArkGLkF1uYz8nQS/PPFlXbP5YgRpqQR3ARRiC2iXoLTWFxc6DJMSK10dVXluw==",
      "cpu": [
        "x64"
      ],
      "dev": true,
      "license": "MIT",
      "optional": true,
      "os": [
        "openbsd"
      ],
      "engines": {
        "node": ">=18"
      }
    },
    "node_modules/@esbuild/sunos-x64": {
      "version": "0.25.2",
      "resolved": "https://registry.npmjs.org/@esbuild/sunos-x64/-/sunos-x64-0.25.2.tgz",
      "integrity": "sha512-cfZH1co2+imVdWCjd+D1gf9NjkchVhhdpgb1q5y6Hcv9TP6Zi9ZG/beI3ig8TvwT9lH9dlxLq5MQBBgwuj4xvA==",
      "cpu": [
        "x64"
      ],
      "dev": true,
      "license": "MIT",
      "optional": true,
      "os": [
        "sunos"
      ],
      "engines": {
        "node": ">=18"
      }
    },
    "node_modules/@esbuild/win32-arm64": {
      "version": "0.25.2",
      "resolved": "https://registry.npmjs.org/@esbuild/win32-arm64/-/win32-arm64-0.25.2.tgz",
      "integrity": "sha512-7Loyjh+D/Nx/sOTzV8vfbB3GJuHdOQyrOryFdZvPHLf42Tk9ivBU5Aedi7iyX+x6rbn2Mh68T4qq1SDqJBQO5Q==",
      "cpu": [
        "arm64"
      ],
      "dev": true,
      "license": "MIT",
      "optional": true,
      "os": [
        "win32"
      ],
      "engines": {
        "node": ">=18"
      }
    },
    "node_modules/@esbuild/win32-ia32": {
      "version": "0.25.2",
      "resolved": "https://registry.npmjs.org/@esbuild/win32-ia32/-/win32-ia32-0.25.2.tgz",
      "integrity": "sha512-WRJgsz9un0nqZJ4MfhabxaD9Ft8KioqU3JMinOTvobbX6MOSUigSBlogP8QB3uxpJDsFS6yN+3FDBdqE5lg9kg==",
      "cpu": [
        "ia32"
      ],
      "dev": true,
      "license": "MIT",
      "optional": true,
      "os": [
        "win32"
      ],
      "engines": {
        "node": ">=18"
      }
    },
    "node_modules/@esbuild/win32-x64": {
      "version": "0.25.2",
      "resolved": "https://registry.npmjs.org/@esbuild/win32-x64/-/win32-x64-0.25.2.tgz",
      "integrity": "sha512-kM3HKb16VIXZyIeVrM1ygYmZBKybX8N4p754bw390wGO3Tf2j4L2/WYL+4suWujpgf6GBYs3jv7TyUivdd05JA==",
      "cpu": [
        "x64"
      ],
      "dev": true,
      "license": "MIT",
      "optional": true,
      "os": [
        "win32"
      ],
      "engines": {
        "node": ">=18"
      }
    },
    "node_modules/@hono/prometheus": {
      "version": "1.0.1",
      "license": "MIT",
      "peerDependencies": {
        "hono": ">=3.*",
        "prom-client": "^15.0.0"
      }
    },
    "node_modules/@opentelemetry/api": {
      "version": "1.9.0",
      "license": "Apache-2.0",
      "engines": {
        "node": ">=8.0.0"
      }
    },
    "node_modules/@prisma/client": {
      "version": "6.5.0",
      "resolved": "https://registry.npmjs.org/@prisma/client/-/client-6.5.0.tgz",
      "integrity": "sha512-M6w1Ql/BeiGoZmhMdAZUXHu5sz5HubyVcKukbLs3l0ELcQb8hTUJxtGEChhv4SVJ0QJlwtLnwOLgIRQhpsm9dw==",
      "hasInstallScript": true,
      "license": "Apache-2.0",
      "engines": {
        "node": ">=18.18"
      },
      "peerDependencies": {
        "prisma": "*",
        "typescript": ">=5.1.0"
      },
      "peerDependenciesMeta": {
        "prisma": {
          "optional": true
        },
        "typescript": {
          "optional": true
        }
      }
    },
    "node_modules/@prisma/config": {
      "version": "6.5.0",
      "resolved": "https://registry.npmjs.org/@prisma/config/-/config-6.5.0.tgz",
      "integrity": "sha512-sOH/2Go9Zer67DNFLZk6pYOHj+rumSb0VILgltkoxOjYnlLqUpHPAN826vnx8HigqnOCxj9LRhT6U7uLiIIWgw==",
      "devOptional": true,
      "license": "Apache-2.0",
      "dependencies": {
        "esbuild": ">=0.12 <1",
        "esbuild-register": "3.6.0"
      }
    },
    "node_modules/@prisma/debug": {
      "version": "6.5.0",
      "resolved": "https://registry.npmjs.org/@prisma/debug/-/debug-6.5.0.tgz",
      "integrity": "sha512-fc/nusYBlJMzDmDepdUtH9aBsJrda2JNErP9AzuHbgUEQY0/9zQYZdNlXmKoIWENtio+qarPNe/+DQtrX5kMcQ==",
      "devOptional": true,
      "license": "Apache-2.0"
    },
    "node_modules/@prisma/engines": {
      "version": "6.5.0",
      "resolved": "https://registry.npmjs.org/@prisma/engines/-/engines-6.5.0.tgz",
      "integrity": "sha512-FVPQYHgOllJklN9DUyujXvh3hFJCY0NX86sDmBErLvoZjy2OXGiZ5FNf3J/C4/RZZmCypZBYpBKEhx7b7rEsdw==",
      "devOptional": true,
      "hasInstallScript": true,
      "license": "Apache-2.0",
      "dependencies": {
        "@prisma/debug": "6.5.0",
        "@prisma/engines-version": "6.5.0-73.173f8d54f8d52e692c7e27e72a88314ec7aeff60",
        "@prisma/fetch-engine": "6.5.0",
        "@prisma/get-platform": "6.5.0"
      }
    },
    "node_modules/@prisma/engines-version": {
      "version": "6.5.0-73.173f8d54f8d52e692c7e27e72a88314ec7aeff60",
      "resolved": "https://registry.npmjs.org/@prisma/engines-version/-/engines-version-6.5.0-73.173f8d54f8d52e692c7e27e72a88314ec7aeff60.tgz",
      "integrity": "sha512-iK3EmiVGFDCmXjSpdsKGNqy9hOdLnvYBrJB61far/oP03hlIxrb04OWmDjNTwtmZ3UZdA5MCvI+f+3k2jPTflQ==",
      "devOptional": true,
      "license": "Apache-2.0"
    },
    "node_modules/@prisma/fetch-engine": {
      "version": "6.5.0",
      "resolved": "https://registry.npmjs.org/@prisma/fetch-engine/-/fetch-engine-6.5.0.tgz",
      "integrity": "sha512-3LhYA+FXP6pqY8FLHCjewyE8pGXXJ7BxZw2rhPq+CZAhvflVzq4K8Qly3OrmOkn6wGlz79nyLQdknyCG2HBTuA==",
      "devOptional": true,
      "license": "Apache-2.0",
      "dependencies": {
        "@prisma/debug": "6.5.0",
        "@prisma/engines-version": "6.5.0-73.173f8d54f8d52e692c7e27e72a88314ec7aeff60",
        "@prisma/get-platform": "6.5.0"
      }
    },
    "node_modules/@prisma/get-platform": {
      "version": "6.5.0",
      "resolved": "https://registry.npmjs.org/@prisma/get-platform/-/get-platform-6.5.0.tgz",
      "integrity": "sha512-xYcvyJwNMg2eDptBYFqFLUCfgi+wZLcj6HDMsj0Qw0irvauG4IKmkbywnqwok0B+k+W+p+jThM2DKTSmoPCkzw==",
      "devOptional": true,
      "license": "Apache-2.0",
      "dependencies": {
        "@prisma/debug": "6.5.0"
      }
    },
    "node_modules/@types/bun": {
      "version": "1.2.8",
      "resolved": "https://registry.npmjs.org/@types/bun/-/bun-1.2.8.tgz",
      "integrity": "sha512-t8L1RvJVUghW5V+M/fL3Thbxcs0HwNsXsnTEBEfEVqGteiJToOlZ/fyOEaR1kZsNqnu+3XA4RI/qmnX4w6+S+w==",
      "dev": true,
      "license": "MIT",
      "dependencies": {
        "bun-types": "1.2.7"
      }
    },
    "node_modules/@types/morgan": {
      "version": "1.9.9",
      "license": "MIT",
      "dependencies": {
        "@types/node": "*"
      }
    },
    "node_modules/@types/node": {
      "version": "22.13.14",
      "license": "MIT",
      "dependencies": {
        "undici-types": "~6.20.0"
      }
    },
    "node_modules/@types/triple-beam": {
      "version": "1.3.5",
      "license": "MIT"
    },
    "node_modules/@types/winston": {
      "version": "2.4.4",
      "license": "MIT",
      "dependencies": {
        "winston": "*"
      }
    },
    "node_modules/@types/ws": {
      "version": "8.18.0",
      "dev": true,
      "license": "MIT",
      "dependencies": {
        "@types/node": "*"
      }
    },
    "node_modules/async": {
      "version": "3.2.6",
      "license": "MIT"
    },
    "node_modules/basic-auth": {
      "version": "2.0.1",
      "license": "MIT",
      "dependencies": {
        "safe-buffer": "5.1.2"
      },
      "engines": {
        "node": ">= 0.8"
      }
    },
    "node_modules/bintrees": {
      "version": "1.0.2",
      "license": "MIT"
    },
    "node_modules/bun-types": {
      "version": "1.2.7",
      "dev": true,
      "license": "MIT",
      "dependencies": {
        "@types/node": "*",
        "@types/ws": "*"
      }
    },
    "node_modules/color": {
      "version": "3.2.1",
      "license": "MIT",
      "dependencies": {
        "color-convert": "^1.9.3",
        "color-string": "^1.6.0"
      }
    },
    "node_modules/color-convert": {
      "version": "1.9.3",
      "license": "MIT",
      "dependencies": {
        "color-name": "1.1.3"
      }
    },
    "node_modules/color-name": {
      "version": "1.1.3",
      "license": "MIT"
    },
    "node_modules/color-string": {
      "version": "1.9.1",
      "license": "MIT",
      "dependencies": {
        "color-name": "^1.0.0",
        "simple-swizzle": "^0.2.2"
      }
    },
    "node_modules/color-string/node_modules/color-name": {
      "version": "1.1.4",
      "license": "MIT"
    },
    "node_modules/colorspace": {
      "version": "1.1.4",
      "license": "MIT",
      "dependencies": {
        "color": "^3.1.3",
        "text-hex": "1.0.x"
      }
    },
    "node_modules/debug": {
      "version": "2.6.9",
      "license": "MIT",
      "dependencies": {
        "ms": "2.0.0"
      }
    },
    "node_modules/depd": {
      "version": "2.0.0",
      "license": "MIT",
      "engines": {
        "node": ">= 0.8"
      }
    },
    "node_modules/ee-first": {
      "version": "1.1.1",
      "license": "MIT"
    },
    "node_modules/enabled": {
      "version": "2.0.0",
      "license": "MIT"
    },
    "node_modules/esbuild": {
      "version": "0.25.2",
      "resolved": "https://registry.npmjs.org/esbuild/-/esbuild-0.25.2.tgz",
      "integrity": "sha512-16854zccKPnC+toMywC+uKNeYSv+/eXkevRAfwRD/G9Cleq66m8XFIrigkbvauLLlCfDL45Q2cWegSg53gGBnQ==",
      "devOptional": true,
      "hasInstallScript": true,
      "license": "MIT",
      "bin": {
        "esbuild": "bin/esbuild"
      },
      "engines": {
        "node": ">=18"
      },
      "optionalDependencies": {
        "@esbuild/aix-ppc64": "0.25.2",
        "@esbuild/android-arm": "0.25.2",
        "@esbuild/android-arm64": "0.25.2",
        "@esbuild/android-x64": "0.25.2",
        "@esbuild/darwin-arm64": "0.25.2",
        "@esbuild/darwin-x64": "0.25.2",
        "@esbuild/freebsd-arm64": "0.25.2",
        "@esbuild/freebsd-x64": "0.25.2",
        "@esbuild/linux-arm": "0.25.2",
        "@esbuild/linux-arm64": "0.25.2",
        "@esbuild/linux-ia32": "0.25.2",
        "@esbuild/linux-loong64": "0.25.2",
        "@esbuild/linux-mips64el": "0.25.2",
        "@esbuild/linux-ppc64": "0.25.2",
        "@esbuild/linux-riscv64": "0.25.2",
        "@esbuild/linux-s390x": "0.25.2",
        "@esbuild/linux-x64": "0.25.2",
        "@esbuild/netbsd-arm64": "0.25.2",
        "@esbuild/netbsd-x64": "0.25.2",
        "@esbuild/openbsd-arm64": "0.25.2",
        "@esbuild/openbsd-x64": "0.25.2",
        "@esbuild/sunos-x64": "0.25.2",
        "@esbuild/win32-arm64": "0.25.2",
        "@esbuild/win32-ia32": "0.25.2",
        "@esbuild/win32-x64": "0.25.2"
      }
    },
    "node_modules/esbuild-register": {
      "version": "3.6.0",
      "resolved": "https://registry.npmjs.org/esbuild-register/-/esbuild-register-3.6.0.tgz",
      "integrity": "sha512-H2/S7Pm8a9CL1uhp9OvjwrBh5Pvx0H8qVOxNu8Wed9Y7qv56MPtq+GGM8RJpq6glYJn9Wspr8uw7l55uyinNeg==",
      "devOptional": true,
      "license": "MIT",
      "dependencies": {
        "debug": "^4.3.4"
      },
      "peerDependencies": {
        "esbuild": ">=0.12 <1"
      }
    },
    "node_modules/esbuild-register/node_modules/debug": {
      "version": "4.4.0",
      "resolved": "https://registry.npmjs.org/debug/-/debug-4.4.0.tgz",
      "integrity": "sha512-6WTZ/IxCY/T6BALoZHaE4ctp9xm+Z5kY/pzYaCHRFeyVhojxlrm+46y68HA6hr0TcwEssoxNiDEUJQjfPZ/RYA==",
      "devOptional": true,
      "license": "MIT",
      "dependencies": {
        "ms": "^2.1.3"
      },
      "engines": {
        "node": ">=6.0"
      },
      "peerDependenciesMeta": {
        "supports-color": {
          "optional": true
        }
      }
    },
    "node_modules/esbuild-register/node_modules/ms": {
      "version": "2.1.3",
      "resolved": "https://registry.npmjs.org/ms/-/ms-2.1.3.tgz",
      "integrity": "sha512-6FlzubTLZG3J2a/NVCAleEhjzq5oxgHyaCU9yYXvcLsvoVaHJq/s5xXI6/XXP6tz7R9xAOtHnSO/tXtF3WRTlA==",
      "devOptional": true,
      "license": "MIT"
    },
    "node_modules/fecha": {
      "version": "4.2.3",
      "license": "MIT"
    },
    "node_modules/fn.name": {
      "version": "1.1.0",
      "license": "MIT"
    },
    "node_modules/fsevents": {
      "version": "2.3.3",
      "resolved": "https://registry.npmjs.org/fsevents/-/fsevents-2.3.3.tgz",
      "integrity": "sha512-5xoDfX+fL7faATnagmWPpbFtwh/R77WmMMqqHGS65C3vvB0YHrgF+B1YmZ3441tMj5n63k0212XNoJwzlhffQw==",
      "dev": true,
      "hasInstallScript": true,
      "license": "MIT",
      "optional": true,
      "os": [
        "darwin"
      ],
      "engines": {
        "node": "^8.16.0 || ^10.6.0 || >=11.0.0"
      }
    },
    "node_modules/hono": {
      "version": "4.7.5",
      "license": "MIT",
      "engines": {
        "node": ">=16.9.0"
      }
    },
    "node_modules/http-status-code": {
      "version": "2.1.0",
      "license": "MIT",
      "dependencies": {
        "strip-json-comments": "^1.0.2"
      }
    },
    "node_modules/inherits": {
      "version": "2.0.4",
      "license": "ISC"
    },
    "node_modules/is-arrayish": {
      "version": "0.3.2",
      "license": "MIT"
    },
    "node_modules/is-stream": {
      "version": "2.0.1",
      "license": "MIT",
      "engines": {
        "node": ">=8"
      },
      "funding": {
        "url": "https://github.com/sponsors/sindresorhus"
      }
    },
    "node_modules/kuler": {
      "version": "2.0.0",
      "license": "MIT"
    },
    "node_modules/logform": {
      "version": "2.7.0",
      "license": "MIT",
      "dependencies": {
        "@colors/colors": "1.6.0",
        "@types/triple-beam": "^1.3.2",
        "fecha": "^4.2.0",
        "ms": "^2.1.1",
        "safe-stable-stringify": "^2.3.1",
        "triple-beam": "^1.3.0"
      },
      "engines": {
        "node": ">= 12.0.0"
      }
    },
    "node_modules/logform/node_modules/ms": {
      "version": "2.1.3",
      "license": "MIT"
    },
    "node_modules/morgan": {
      "version": "1.10.0",
      "license": "MIT",
      "dependencies": {
        "basic-auth": "~2.0.1",
        "debug": "2.6.9",
        "depd": "~2.0.0",
        "on-finished": "~2.3.0",
        "on-headers": "~1.0.2"
      },
      "engines": {
        "node": ">= 0.8.0"
      }
    },
    "node_modules/ms": {
      "version": "2.0.0",
      "license": "MIT"
    },
    "node_modules/on-finished": {
      "version": "2.3.0",
      "license": "MIT",
      "dependencies": {
        "ee-first": "1.1.1"
      },
      "engines": {
        "node": ">= 0.8"
      }
    },
    "node_modules/on-headers": {
      "version": "1.0.2",
      "license": "MIT",
      "engines": {
        "node": ">= 0.8"
      }
    },
    "node_modules/one-time": {
      "version": "1.0.0",
      "license": "MIT",
      "dependencies": {
        "fn.name": "1.x.x"
      }
    },
    "node_modules/prisma": {
      "version": "6.5.0",
      "resolved": "https://registry.npmjs.org/prisma/-/prisma-6.5.0.tgz",
      "integrity": "sha512-yUGXmWqv5F4PByMSNbYFxke/WbnyTLjnJ5bKr8fLkcnY7U5rU9rUTh/+Fja+gOrRxEgtCbCtca94IeITj4j/pg==",
      "devOptional": true,
      "hasInstallScript": true,
      "license": "Apache-2.0",
      "dependencies": {
        "@prisma/config": "6.5.0",
        "@prisma/engines": "6.5.0"
      },
      "bin": {
        "prisma": "build/index.js"
      },
      "engines": {
        "node": ">=18.18"
      },
      "optionalDependencies": {
        "fsevents": "2.3.3"
      },
      "peerDependencies": {
        "typescript": ">=5.1.0"
      },
      "peerDependenciesMeta": {
        "typescript": {
          "optional": true
        }
      }
    },
    "node_modules/prom-client": {
      "version": "15.1.3",
      "license": "Apache-2.0",
      "dependencies": {
        "@opentelemetry/api": "^1.4.0",
        "tdigest": "^0.1.1"
      },
      "engines": {
        "node": "^16 || ^18 || >=20"
      }
    },
    "node_modules/readable-stream": {
      "version": "3.6.2",
      "license": "MIT",
      "dependencies": {
        "inherits": "^2.0.3",
        "string_decoder": "^1.1.1",
        "util-deprecate": "^1.0.1"
      },
      "engines": {
        "node": ">= 6"
      }
    },
    "node_modules/safe-buffer": {
      "version": "5.1.2",
      "license": "MIT"
    },
    "node_modules/safe-stable-stringify": {
      "version": "2.5.0",
      "license": "MIT",
      "engines": {
        "node": ">=10"
      }
    },
    "node_modules/simple-swizzle": {
      "version": "0.2.2",
      "license": "MIT",
      "dependencies": {
        "is-arrayish": "^0.3.1"
      }
    },
    "node_modules/stack-trace": {
      "version": "0.0.10",
      "license": "MIT",
      "engines": {
        "node": "*"
      }
    },
    "node_modules/string_decoder": {
      "version": "1.3.0",
      "license": "MIT",
      "dependencies": {
        "safe-buffer": "~5.2.0"
      }
    },
    "node_modules/string_decoder/node_modules/safe-buffer": {
      "version": "5.2.1",
      "funding": [
        {
          "type": "github",
          "url": "https://github.com/sponsors/feross"
        },
        {
          "type": "patreon",
          "url": "https://www.patreon.com/feross"
        },
        {
          "type": "consulting",
          "url": "https://feross.org/support"
        }
      ],
      "license": "MIT"
    },
    "node_modules/strip-json-comments": {
      "version": "1.0.4",
      "license": "MIT",
      "bin": {
        "strip-json-comments": "cli.js"
      },
      "engines": {
        "node": ">=0.8.0"
      }
    },
    "node_modules/tdigest": {
      "version": "0.1.2",
      "license": "MIT",
      "dependencies": {
        "bintrees": "1.0.2"
      }
    },
    "node_modules/text-hex": {
      "version": "1.0.0",
      "license": "MIT"
    },
    "node_modules/triple-beam": {
      "version": "1.4.1",
      "license": "MIT",
      "engines": {
        "node": ">= 14.0.0"
      }
    },
    "node_modules/undici-types": {
      "version": "6.20.0",
      "license": "MIT"
    },
    "node_modules/util-deprecate": {
      "version": "1.0.2",
      "license": "MIT"
    },
    "node_modules/winston": {
      "version": "3.17.0",
      "license": "MIT",
      "dependencies": {
        "@colors/colors": "^1.6.0",
        "@dabh/diagnostics": "^2.0.2",
        "async": "^3.2.3",
        "is-stream": "^2.0.0",
        "logform": "^2.7.0",
        "one-time": "^1.0.0",
        "readable-stream": "^3.4.0",
        "safe-stable-stringify": "^2.3.1",
        "stack-trace": "0.0.x",
        "triple-beam": "^1.3.0",
        "winston-transport": "^4.9.0"
      },
      "engines": {
        "node": ">= 12.0.0"
      }
    },
    "node_modules/winston-transport": {
      "version": "4.9.0",
      "license": "MIT",
      "dependencies": {
        "logform": "^2.7.0",
        "readable-stream": "^3.6.2",
        "triple-beam": "^1.3.0"
      },
      "engines": {
        "node": ">= 12.0.0"
      }
    }
  }
}
